
Microsoft Visual Studio Solution File, Format Version 12.00
# Visual Studio 15
VisualStudioVersion = 15.0.26403.7
MinimumVisualStudioVersion = 10.0.40219.1
Project("{FAE04EC0-301F-11D3-BF4B-00C04F79EFBC}") = "StringDistance", "StringDistance\StringDistance.csproj", "{3DF71079-8AF9-4EC9-8214-8AF0EE09AD47}"
EndProject
Project("{FAE04EC0-301F-11D3-BF4B-00C04F79EFBC}") = "StringStuff", "StringStuff\StringStuff.csproj", "{2BA63FEA-F77F-432C-B583-1530C1A4CE9E}"
EndProject
Global
	GlobalSection(SolutionConfigurationPlatforms) = preSolution
		Debug|Any CPU = Debug|Any CPU
		Release|Any CPU = Release|Any CPU
	EndGlobalSection
	GlobalSection(ProjectConfigurationPlatforms) = postSolution
		{3DF71079-8AF9-4EC9-8214-8AF0EE09AD47}.Debug|Any CPU.ActiveCfg = Debug|Any CPU
		{3DF71079-8AF9-4EC9-8214-8AF0EE09AD47}.Debug|Any CPU.Build.0 = Debug|Any CPU
		{3DF71079-8AF9-4EC9-8214-8AF0EE09AD47}.Release|Any CPU.ActiveCfg = Release|Any CPU
		{3DF71079-8AF9-4EC9-8214-8AF0EE09AD47}.Release|Any CPU.Build.0 = Release|Any CPU
		{2BA63FEA-F77F-432C-B583-1530C1A4CE9E}.Debug|Any CPU.ActiveCfg = Debug|Any CPU
		{2BA63FEA-F77F-432C-B583-1530C1A4CE9E}.Debug|Any CPU.Build.0 = Debug|Any CPU
		{2BA63FEA-F77F-432C-B583-1530C1A4CE9E}.Release|Any CPU.ActiveCfg = Release|Any CPU
		{2BA63FEA-F77F-432C-B583-1530C1A4CE9E}.Release|Any CPU.Build.0 = Release|Any CPU
	EndGlobalSection
	GlobalSection(SolutionProperties) = preSolution
		HideSolutionNode = FALSE
	EndGlobalSection
EndGlobal
